
Microsoft Visual Studio Solution File, Format Version 11.00
# Visual Studio 2010
Project("{FAE04EC0-301F-11D3-BF4B-00C04F79EFBC}") = "Site", "site\Site.csproj", "{0517B9AF-78AF-41A1-A1EB-740A1EA520AD}"
EndProject
Project("{FAE04EC0-301F-11D3-BF4B-00C04F79EFBC}") = "Try-out", "Try-out\Try-out.csproj", "{C825DDC6-5CF6-44E4-A209-01F986370752}"
EndProject
Global
	GlobalSection(SubversionScc) = preSolution
		Svn-Managed = True
		Manager = AnkhSVN - Subversion Support for Visual Studio
	EndGlobalSection
	GlobalSection(SolutionConfigurationPlatforms) = preSolution
		Debug|Any CPU = Debug|Any CPU
		Release|Any CPU = Release|Any CPU
	EndGlobalSection
	GlobalSection(ProjectConfigurationPlatforms) = postSolution
		{0517B9AF-78AF-41A1-A1EB-740A1EA520AD}.Debug|Any CPU.ActiveCfg = Debug|Any CPU
		{0517B9AF-78AF-41A1-A1EB-740A1EA520AD}.Debug|Any CPU.Build.0 = Debug|Any CPU
		{0517B9AF-78AF-41A1-A1EB-740A1EA520AD}.Release|Any CPU.ActiveCfg = Release|Any CPU
		{0517B9AF-78AF-41A1-A1EB-740A1EA520AD}.Release|Any CPU.Build.0 = Release|Any CPU
		{C825DDC6-5CF6-44E4-A209-01F986370752}.Debug|Any CPU.ActiveCfg = Debug|Any CPU
		{C825DDC6-5CF6-44E4-A209-01F986370752}.Debug|Any CPU.Build.0 = Debug|Any CPU
		{C825DDC6-5CF6-44E4-A209-01F986370752}.Release|Any CPU.ActiveCfg = Release|Any CPU
		{C825DDC6-5CF6-44E4-A209-01F986370752}.Release|Any CPU.Build.0 = Release|Any CPU
	EndGlobalSection
	GlobalSection(SolutionProperties) = preSolution
		HideSolutionNode = FALSE
	EndGlobalSection
EndGlobal
